# This file is automatically @generated by Cargo.
# It is not intended for manual editing.
version = 4

[[package]]
name = "mjx-chart"
version = "0.0.0"
dependencies = [
 "mjx-derive",
 "mjx-dml",
 "mjx-ooxml-core",
 "mjx-ooxml-types",
 "mjx-xml",
]

[[package]]
name = "mjx-derive"
version = "0.0.0"

[[package]]
name = "mjx-dml"
version = "0.0.0"
dependencies = [
 "mjx-derive",
 "mjx-mce",
 "mjx-ooxml-core",
 "mjx-ooxml-types",
 "mjx-xml",
]

[[package]]
name = "mjx-docx"
version = "0.0.0"
dependencies = [
 "mjx-derive",
 "mjx-dml",
 "mjx-mce",
 "mjx-omml",
 "mjx-ooxml-core",
 "mjx-ooxml-types",
 "mjx-opc",
 "mjx-xml",
]

[[package]]
name = "mjx-mce"
version = "0.0.0"
dependencies = [
 "mjx-ooxml-core",
 "mjx-xml",
]

[[package]]
name = "mjx-omml"
version = "0.0.0"
dependencies = [
 "mjx-derive",
 "mjx-ooxml-core",
 "mjx-ooxml-types",
 "mjx-xml",
]

[[package]]
name = "mjx-ooxml"
version = "0.0.0"
dependencies = [
 "mjx-dml",
 "mjx-docx",
 "mjx-mce",
 "mjx-ooxml-core",
 "mjx-opc",
 "mjx-pptx",
 "mjx-xlsx",
]

[[package]]
name = "mjx-ooxml-core"
version = "0.0.0"

[[package]]
name = "mjx-ooxml-types"
version = "0.0.0"
dependencies = [
 "mjx-ooxml-core",
]

[[package]]
name = "mjx-opc"
version = "0.0.0"
dependencies = [
 "mjx-ooxml-core",
 "mjx-xml",
]

[[package]]
name = "mjx-pptx"
version = "0.0.0"
dependencies = [
 "mjx-derive",
 "mjx-dml",
 "mjx-mce",
 "mjx-ooxml-core",
 "mjx-ooxml-types",
 "mjx-opc",
 "mjx-xml",
]

[[package]]
name = "mjx-vml"
version = "0.0.0"
dependencies = [
 "mjx-derive",
 "mjx-ooxml-core",
 "mjx-ooxml-types",
 "mjx-xml",
]

[[package]]
name = "mjx-xlsx"
version = "0.0.0"
dependencies = [
 "mjx-derive",
 "mjx-dml",
 "mjx-mce",
 "mjx-ooxml-core",
 "mjx-ooxml-types",
 "mjx-opc",
 "mjx-xml",
]

[[package]]
name = "mjx-xml"
version = "0.0.0"
dependencies = [
 "mjx-ooxml-core",
]

[[package]]
name = "xtask"
version = "0.0.0"
